
Microsoft Visual Studio Solution File, Format Version 12.00
# Visual Studio Version 17
VisualStudioVersion = 17.0.32126.317
MinimumVisualStudioVersion = 10.0.40219.1
Project("{FAE04EC0-301F-11D3-BF4B-00C04F79EFBC}") = "eTicket", "eTicket\eTicket.csproj", "{FA74C634-3C04-4560-8781-FBFB98D38DB5}"
EndProject
Global
	GlobalSection(SolutionConfigurationPlatforms) = preSolution
		Debug|Any CPU = Debug|Any CPU
		Release|Any CPU = Release|Any CPU
	EndGlobalSection
	GlobalSection(ProjectConfigurationPlatforms) = postSolution
		{FA74C634-3C04-4560-8781-FBFB98D38DB5}.Debug|Any CPU.ActiveCfg = Debug|Any CPU
		{FA74C634-3C04-4560-8781-FBFB98D38DB5}.Debug|Any CPU.Build.0 = Debug|Any CPU
		{FA74C634-3C04-4560-8781-FBFB98D38DB5}.Release|Any CPU.ActiveCfg = Release|Any CPU
		{FA74C634-3C04-4560-8781-FBFB98D38DB5}.Release|Any CPU.Build.0 = Release|Any CPU
	EndGlobalSection
	GlobalSection(SolutionProperties) = preSolution
		HideSolutionNode = FALSE
	EndGlobalSection
	GlobalSection(ExtensibilityGlobals) = postSolution
		SolutionGuid = {7B9F4C2D-CDC0-43FC-A2CA-BCF68F512AB9}
	EndGlobalSection
EndGlobal
